// !$*UTF8*$!
{
	archiveVersion = 1;
	classes = {
	};
	objectVersion = 48;
	objects = {

/* Begin PBXBuildFile section */
		1F874F51FCA43DB13A0CF472 /* Pods_PlaceSearch.framework in Frameworks */ = {isa = PBXBuildFile; fileRef = DBC473A8BB81A008C18E0D3E /* Pods_PlaceSearch.framework */; };
		694F68352083B21700A3B888 /* AppDelegate.swift in Sources */ = {isa = PBXBuildFile; fileRef = 694F68342083B21700A3B888 /* AppDelegate.swift */; };
		694F68372083B21700A3B888 /* ViewController.swift in Sources */ = {isa = PBXBuildFile; fileRef = 694F68362083B21700A3B888 /* ViewController.swift */; };
		694F683A2083B21700A3B888 /* Main.storyboard in Resources */ = {isa = PBXBuildFile; fileRef = 694F68382083B21700A3B888 /* Main.storyboard */; };
		694F683C2083B21700A3B888 /* Assets.xcassets in Resources */ = {isa = PBXBuildFile; fileRef = 694F683B2083B21700A3B888 /* Assets.xcassets */; };
		694F683F2083B21700A3B888 /* LaunchScreen.storyboard in Resources */ = {isa = PBXBuildFile; fileRef = 694F683D2083B21700A3B888 /* LaunchScreen.storyboard */; };
		694F68472083B27B00A3B888 /* RequestParameters.swift in Sources */ = {isa = PBXBuildFile; fileRef = 694F68462083B27B00A3B888 /* RequestParameters.swift */; };
		694F68492083B30200A3B888 /* AppData.swift in Sources */ = {isa = PBXBuildFile; fileRef = 694F68482083B30200A3B888 /* AppData.swift */; };
		694F684B2083B88B00A3B888 /* PlacesRequest.swift in Sources */ = {isa = PBXBuildFile; fileRef = 694F684A2083B88B00A3B888 /* PlacesRequest.swift */; };
		694F684D2083BBD500A3B888 /* GeneralEnums.swift in Sources */ = {isa = PBXBuildFile; fileRef = 694F684C2083BBD500A3B888 /* GeneralEnums.swift */; };
		694F684F2083D4C800A3B888 /* LocationManager.swift in Sources */ = {isa = PBXBuildFile; fileRef = 694F684E2083D4C800A3B888 /* LocationManager.swift */; };
		697456BA2083EEAC00D42FC0 /* CorneredButton.swift in Sources */ = {isa = PBXBuildFile; fileRef = 697456B92083EEAC00D42FC0 /* CorneredButton.swift */; };
		697456BC2083F58E00D42FC0 /* Place.swift in Sources */ = {isa = PBXBuildFile; fileRef = 697456BB2083F58E00D42FC0 /* Place.swift */; };
		697456BE2084025100D42FC0 /* Geometry.swift in Sources */ = {isa = PBXBuildFile; fileRef = 697456BD2084025100D42FC0 /* Geometry.swift */; };
		697456C0208403CC00D42FC0 /* Location.swift in Sources */ = {isa = PBXBuildFile; fileRef = 697456BF208403CC00D42FC0 /* Location.swift */; };
		697456C2208405B500D42FC0 /* RequestResult.swift in Sources */ = {isa = PBXBuildFile; fileRef = 697456C1208405B500D42FC0 /* RequestResult.swift */; };
		697456C420840AC800D42FC0 /* Podfile in Resources */ = {isa = PBXBuildFile; fileRef = 697456C320840AC800D42FC0 /* Podfile */; };
		697456C720840D1700D42FC0 /* PlacesTableCell.swift in Sources */ = {isa = PBXBuildFile; fileRef = 697456C520840D1700D42FC0 /* PlacesTableCell.swift */; };
		697456CB208410DB00D42FC0 /* PlacesTableViewController.swift in Sources */ = {isa = PBXBuildFile; fileRef = 697456CA208410DB00D42FC0 /* PlacesTableViewController.swift */; };
		697456CF2084227200D42FC0 /* PlaceDetailViewController.swift in Sources */ = {isa = PBXBuildFile; fileRef = 697456CE2084227200D42FC0 /* PlaceDetailViewController.swift */; };
		697456D120842BD400D42FC0 /* MapViewController.swift in Sources */ = {isa = PBXBuildFile; fileRef = 697456D020842BD400D42FC0 /* MapViewController.swift */; };
		697456D320842F9700D42FC0 /* PlaceMapMarker.swift in Sources */ = {isa = PBXBuildFile; fileRef = 697456D220842F9700D42FC0 /* PlaceMapMarker.swift */; };
		6978BA2E208444A800C97829 /* LocalRequest.swift in Sources */ = {isa = PBXBuildFile; fileRef = 6978BA2D208444A800C97829 /* LocalRequest.swift */; };
/* End PBXBuildFile section */

/* Begin PBXFileReference section */
		694F68312083B21700A3B888 /* PlaceSearch.app */ = {isa = PBXFileReference; explicitFileType = wrapper.application; includeInIndex = 0; path = PlaceSearch.app; sourceTree = BUILT_PRODUCTS_DIR; };
		694F68342083B21700A3B888 /* AppDelegate.swift */ = {isa = PBXFileReference; lastKnownFileType = sourcecode.swift; path = AppDelegate.swift; sourceTree = "<group>"; };
		694F68362083B21700A3B888 /* ViewController.swift */ = {isa = PBXFileReference; lastKnownFileType = sourcecode.swift; path = ViewController.swift; sourceTree = "<group>"; };
		694F68392083B21700A3B888 /* Base */ = {isa = PBXFileReference; lastKnownFileType = file.storyboard; name = Base; path = Base.lproj/Main.storyboard; sourceTree = "<group>"; };
		694F683B2083B21700A3B888 /* Assets.xcassets */ = {isa = PBXFileReference; lastKnownFileType = folder.assetcatalog; path = Assets.xcassets; sourceTree = "<group>"; };
		694F683E2083B21700A3B888 /* Base */ = {isa = PBXFileReference; lastKnownFileType = file.storyboard; name = Base; path = Base.lproj/LaunchScreen.storyboard; sourceTree = "<group>"; };
		694F68402083B21700A3B888 /* Info.plist */ = {isa = PBXFileReference; lastKnownFileType = text.plist.xml; path = Info.plist; sourceTree = "<group>"; };
		694F68462083B27B00A3B888 /* RequestParameters.swift */ = {isa = PBXFileReference; lastKnownFileType = sourcecode.swift; path = RequestParameters.swift; sourceTree = "<group>"; };
		694F68482083B30200A3B888 /* AppData.swift */ = {isa = PBXFileReference; lastKnownFileType = sourcecode.swift; path = AppData.swift; sourceTree = "<group>"; };
		694F684A2083B88B00A3B888 /* PlacesRequest.swift */ = {isa = PBXFileReference; lastKnownFileType = sourcecode.swift; path = PlacesRequest.swift; sourceTree = "<group>"; };
		694F684C2083BBD500A3B888 /* GeneralEnums.swift */ = {isa = PBXFileReference; lastKnownFileType = sourcecode.swift; path = GeneralEnums.swift; sourceTree = "<group>"; };
		694F684E2083D4C800A3B888 /* LocationManager.swift */ = {isa = PBXFileReference; fileEncoding = 4; lastKnownFileType = sourcecode.swift; path = LocationManager.swift; sourceTree = "<group>"; };
		697456B92083EEAC00D42FC0 /* CorneredButton.swift */ = {isa = PBXFileReference; lastKnownFileType = sourcecode.swift; path = CorneredButton.swift; sourceTree = "<group>"; };
		697456BB2083F58E00D42FC0 /* Place.swift */ = {isa = PBXFileReference; lastKnownFileType = sourcecode.swift; path = Place.swift; sourceTree = "<group>"; };
		697456BD2084025100D42FC0 /* Geometry.swift */ = {isa = PBXFileReference; lastKnownFileType = sourcecode.swift; path = Geometry.swift; sourceTree = "<group>"; };
		697456BF208403CC00D42FC0 /* Location.swift */ = {isa = PBXFileReference; lastKnownFileType = sourcecode.swift; path = Location.swift; sourceTree = "<group>"; };
		697456C1208405B500D42FC0 /* RequestResult.swift */ = {isa = PBXFileReference; lastKnownFileType = sourcecode.swift; path = RequestResult.swift; sourceTree = "<group>"; };
		697456C320840AC800D42FC0 /* Podfile */ = {isa = PBXFileReference; lastKnownFileType = text; path = Podfile; sourceTree = "<group>"; xcLanguageSpecificationIdentifier = xcode.lang.ruby; };
		697456C520840D1700D42FC0 /* PlacesTableCell.swift */ = {isa = PBXFileReference; lastKnownFileType = sourcecode.swift; path = PlacesTableCell.swift; sourceTree = "<group>"; };
		697456CA208410DB00D42FC0 /* PlacesTableViewController.swift */ = {isa = PBXFileReference; lastKnownFileType = sourcecode.swift; name = PlacesTableViewController.swift; path = PlaceSearch/PlacesTableViewController.swift; sourceTree = SOURCE_ROOT; };
		697456CE2084227200D42FC0 /* PlaceDetailViewController.swift */ = {isa = PBXFileReference; lastKnownFileType = sourcecode.swift; path = PlaceDetailViewController.swift; sourceTree = "<group>"; };
		697456D020842BD400D42FC0 /* MapViewController.swift */ = {isa = PBXFileReference; lastKnownFileType = sourcecode.swift; path = MapViewController.swift; sourceTree = "<group>"; };
		697456D220842F9700D42FC0 /* PlaceMapMarker.swift */ = {isa = PBXFileReference; lastKnownFileType = sourcecode.swift; path = PlaceMapMarker.swift; sourceTree = "<group>"; };
		6978BA2D208444A800C97829 /* LocalRequest.swift */ = {isa = PBXFileReference; lastKnownFileType = sourcecode.swift; path = LocalRequest.swift; sourceTree = "<group>"; };
		6E06269ED11258EF4E89FA69 /* Pods-PlaceSearch.release.xcconfig */ = {isa = PBXFileReference; includeInIndex = 1; lastKnownFileType = text.xcconfig; name = "Pods-PlaceSearch.release.xcconfig"; path = "Pods/Target Support Files/Pods-PlaceSearch/Pods-PlaceSearch.release.xcconfig"; sourceTree = "<group>"; };
		BAE8E18463D465584CA439CC /* Pods-PlaceSearch.debug.xcconfig */ = {isa = PBXFileReference; includeInIndex = 1; lastKnownFileType = text.xcconfig; name = "Pods-PlaceSearch.debug.xcconfig"; path = "Pods/Target Support Files/Pods-PlaceSearch/Pods-PlaceSearch.debug.xcconfig"; sourceTree = "<group>"; };
		DBC473A8BB81A008C18E0D3E /* Pods_PlaceSearch.framework */ = {isa = PBXFileReference; explicitFileType = wrapper.framework; includeInIndex = 0; path = Pods_PlaceSearch.framework; sourceTree = BUILT_PRODUCTS_DIR; };
/* End PBXFileReference section */

/* Begin PBXFrameworksBuildPhase section */
		694F682E2083B21700A3B888 /* Frameworks */ = {
			isa = PBXFrameworksBuildPhase;
			buildActionMask = 2147483647;
			files = (
				1F874F51FCA43DB13A0CF472 /* Pods_PlaceSearch.framework in Frameworks */,
			);
			runOnlyForDeploymentPostprocessing = 0;
		};
/* End PBXFrameworksBuildPhase section */

/* Begin PBXGroup section */
		0137414416CD96791F5B6DB2 /* Frameworks */ = {
			isa = PBXGroup;
			children = (
				DBC473A8BB81A008C18E0D3E /* Pods_PlaceSearch.framework */,
			);
			name = Frameworks;
			sourceTree = "<group>";
		};
		694F68282083B21700A3B888 = {
			isa = PBXGroup;
			children = (
				697456C320840AC800D42FC0 /* Podfile */,
				694F68332083B21700A3B888 /* PlaceSearch */,
				694F68322083B21700A3B888 /* Products */,
				9FDDE94C31E42D191A743FF2 /* Pods */,
				0137414416CD96791F5B6DB2 /* Frameworks */,
			);
			sourceTree = "<group>";
		};
		694F68322083B21700A3B888 /* Products */ = {
			isa = PBXGroup;
			children = (
				694F68312083B21700A3B888 /* PlaceSearch.app */,
			);
			name = Products;
			sourceTree = "<group>";
		};
		694F68332083B21700A3B888 /* PlaceSearch */ = {
			isa = PBXGroup;
			children = (
				697456CE2084227200D42FC0 /* PlaceDetailViewController.swift */,
				694F684E2083D4C800A3B888 /* LocationManager.swift */,
				694F68342083B21700A3B888 /* AppDelegate.swift */,
				694F68362083B21700A3B888 /* ViewController.swift */,
				6978BA2D208444A800C97829 /* LocalRequest.swift */,
				697456CA208410DB00D42FC0 /* PlacesTableViewController.swift */,
				697456D020842BD400D42FC0 /* MapViewController.swift */,
				697456D220842F9700D42FC0 /* PlaceMapMarker.swift */,
				697456C920840D2700D42FC0 /* Cells */,
				694F684A2083B88B00A3B888 /* PlacesRequest.swift */,
				694F68462083B27B00A3B888 /* RequestParameters.swift */,
				694F684C2083BBD500A3B888 /* GeneralEnums.swift */,
				694F68482083B30200A3B888 /* AppData.swift */,
				694F68382083B21700A3B888 /* Main.storyboard */,
				697456BB2083F58E00D42FC0 /* Place.swift */,
				697456C1208405B500D42FC0 /* RequestResult.swift */,
				697456BD2084025100D42FC0 /* Geometry.swift */,
				697456BF208403CC00D42FC0 /* Location.swift */,
				697456B92083EEAC00D42FC0 /* CorneredButton.swift */,
				694F683B2083B21700A3B888 /* Assets.xcassets */,
				694F683D2083B21700A3B888 /* LaunchScreen.storyboard */,
				694F68402083B21700A3B888 /* Info.plist */,
			);
			path = PlaceSearch;
			sourceTree = "<group>";
		};
		697456C920840D2700D42FC0 /* Cells */ = {
			isa = PBXGroup;
			children = (
				697456C520840D1700D42FC0 /* PlacesTableCell.swift */,
			);
			path = Cells;
			sourceTree = "<group>";
		};
		9FDDE94C31E42D191A743FF2 /* Pods */ = {
			isa = PBXGroup;
			children = (
				BAE8E18463D465584CA439CC /* Pods-PlaceSearch.debug.xcconfig */,
				6E06269ED11258EF4E89FA69 /* Pods-PlaceSearch.release.xcconfig */,
			);
			name = Pods;
			sourceTree = "<group>";
		};
/* End PBXGroup section */

/* Begin PBXNativeTarget section */
		694F68302083B21700A3B888 /* PlaceSearch */ = {
			isa = PBXNativeTarget;
			buildConfigurationList = 694F68432083B21700A3B888 /* Build configuration list for PBXNativeTarget "PlaceSearch" */;
			buildPhases = (
				EDB4615DE9888AAC6D0B7726 /* [CP] Check Pods Manifest.lock */,
				694F682D2083B21700A3B888 /* Sources */,
				694F682E2083B21700A3B888 /* Frameworks */,
				694F682F2083B21700A3B888 /* Resources */,
				A36B4063B982C5E74D862DC2 /* [CP] Embed Pods Frameworks */,
				8B05F93769E6183514794365 /* [CP] Copy Pods Resources */,
			);
			buildRules = (
			);
			dependencies = (
			);
			name = PlaceSearch;
			productName = PlaceSearch;
			productReference = 694F68312083B21700A3B888 /* PlaceSearch.app */;
			productType = "com.apple.product-type.application";
		};
/* End PBXNativeTarget section */

/* Begin PBXProject section */
		694F68292083B21700A3B888 /* Project object */ = {
			isa = PBXProject;
			attributes = {
				LastSwiftUpdateCheck = 0920;
				LastUpgradeCheck = 0920;
				ORGANIZATIONNAME = "Sepandat Pourtaymour";
				TargetAttributes = {
					694F68302083B21700A3B888 = {
						CreatedOnToolsVersion = 9.2;
						ProvisioningStyle = Automatic;
					};
				};
			};
			buildConfigurationList = 694F682C2083B21700A3B888 /* Build configuration list for PBXProject "PlaceSearch" */;
			compatibilityVersion = "Xcode 8.0";
			developmentRegion = en;
			hasScannedForEncodings = 0;
			knownRegions = (
				en,
				Base,
			);
			mainGroup = 694F68282083B21700A3B888;
			productRefGroup = 694F68322083B21700A3B888 /* Products */;
			projectDirPath = "";
			projectRoot = "";
			targets = (
				694F68302083B21700A3B888 /* PlaceSearch */,
			);
		};
/* End PBXProject section */

/* Begin PBXResourcesBuildPhase section */
		694F682F2083B21700A3B888 /* Resources */ = {
			isa = PBXResourcesBuildPhase;
			buildActionMask = 2147483647;
			files = (
				694F683F2083B21700A3B888 /* LaunchScreen.storyboard in Resources */,
				694F683C2083B21700A3B888 /* Assets.xcassets in Resources */,
				697456C420840AC800D42FC0 /* Podfile in Resources */,
				694F683A2083B21700A3B888 /* Main.storyboard in Resources */,
			);
			runOnlyForDeploymentPostprocessing = 0;
		};
/* End PBXResourcesBuildPhase section */

/* Begin PBXShellScriptBuildPhase section */
		8B05F93769E6183514794365 /* [CP] Copy Pods Resources */ = {
			isa = PBXShellScriptBuildPhase;
			buildActionMask = 2147483647;
			files = (
			);
			inputPaths = (
				"${SRCROOT}/Pods/Target Support Files/Pods-PlaceSearch/Pods-PlaceSearch-resources.sh",
				"${PODS_ROOT}/GoogleMaps/Maps/Frameworks/GoogleMaps.framework/Resources/GoogleMaps.bundle",
			);
			name = "[CP] Copy Pods Resources";
			outputPaths = (
				"${TARGET_BUILD_DIR}/${UNLOCALIZED_RESOURCES_FOLDER_PATH}/GoogleMaps.bundle",
			);
			runOnlyForDeploymentPostprocessing = 0;
			shellPath = /bin/sh;
			shellScript = "\"${SRCROOT}/Pods/Target Support Files/Pods-PlaceSearch/Pods-PlaceSearch-resources.sh\"\n";
			showEnvVarsInLog = 0;
		};
		A36B4063B982C5E74D862DC2 /* [CP] Embed Pods Frameworks */ = {
			isa = PBXShellScriptBuildPhase;
			buildActionMask = 2147483647;
			files = (
			);
			inputPaths = (
				"${SRCROOT}/Pods/Target Support Files/Pods-PlaceSearch/Pods-PlaceSearch-frameworks.sh",
				"${BUILT_PRODUCTS_DIR}/BrightFutures/BrightFutures.framework",
				"${BUILT_PRODUCTS_DIR}/Kingfisher/Kingfisher.framework",
				"${BUILT_PRODUCTS_DIR}/Result/Result.framework",
			);
			name = "[CP] Embed Pods Frameworks";
			outputPaths = (
				"${TARGET_BUILD_DIR}/${FRAMEWORKS_FOLDER_PATH}/BrightFutures.framework",
				"${TARGET_BUILD_DIR}/${FRAMEWORKS_FOLDER_PATH}/Kingfisher.framework",
				"${TARGET_BUILD_DIR}/${FRAMEWORKS_FOLDER_PATH}/Result.framework",
			);
			runOnlyForDeploymentPostprocessing = 0;
			shellPath = /bin/sh;
			shellScript = "\"${SRCROOT}/Pods/Target Support Files/Pods-PlaceSearch/Pods-PlaceSearch-frameworks.sh\"\n";
			showEnvVarsInLog = 0;
		};
		EDB4615DE9888AAC6D0B7726 /* [CP] Check Pods Manifest.lock */ = {
			isa = PBXShellScriptBuildPhase;
			buildActionMask = 2147483647;
			files = (
			);
			inputPaths = (
				"${PODS_PODFILE_DIR_PATH}/Podfile.lock",
				"${PODS_ROOT}/Manifest.lock",
			);
			name = "[CP] Check Pods Manifest.lock";
			outputPaths = (
				"$(DERIVED_FILE_DIR)/Pods-PlaceSearch-checkManifestLockResult.txt",
			);
			runOnlyForDeploymentPostprocessing = 0;
			shellPath = /bin/sh;
			shellScript = "diff \"${PODS_PODFILE_DIR_PATH}/Podfile.lock\" \"${PODS_ROOT}/Manifest.lock\" > /dev/null\nif [ $? != 0 ] ; then\n    # print error to STDERR\n    echo \"error: The sandbox is not in sync with the Podfile.lock. Run 'pod install' or update your CocoaPods installation.\" >&2\n    exit 1\nfi\n# This output is used by Xcode 'outputs' to avoid re-running this script phase.\necho \"SUCCESS\" > \"${SCRIPT_OUTPUT_FILE_0}\"\n";
			showEnvVarsInLog = 0;
		};
/* End PBXShellScriptBuildPhase section */

/* Begin PBXSourcesBuildPhase section */
		694F682D2083B21700A3B888 /* Sources */ = {
			isa = PBXSourcesBuildPhase;
			buildActionMask = 2147483647;
			files = (
				694F68372083B21700A3B888 /* ViewController.swift in Sources */,
				697456C0208403CC00D42FC0 /* Location.swift in Sources */,
				694F684D2083BBD500A3B888 /* GeneralEnums.swift in Sources */,
				697456C720840D1700D42FC0 /* PlacesTableCell.swift in Sources */,
				694F684B2083B88B00A3B888 /* PlacesRequest.swift in Sources */,
				697456CB208410DB00D42FC0 /* PlacesTableViewController.swift in Sources */,
				694F684F2083D4C800A3B888 /* LocationManager.swift in Sources */,
				694F68352083B21700A3B888 /* AppDelegate.swift in Sources */,
				697456D320842F9700D42FC0 /* PlaceMapMarker.swift in Sources */,
				6978BA2E208444A800C97829 /* LocalRequest.swift in Sources */,
				697456C2208405B500D42FC0 /* RequestResult.swift in Sources */,
				697456BA2083EEAC00D42FC0 /* CorneredButton.swift in Sources */,
				697456BC2083F58E00D42FC0 /* Place.swift in Sources */,
				694F68472083B27B00A3B888 /* RequestParameters.swift in Sources */,
				697456CF2084227200D42FC0 /* PlaceDetailViewController.swift in Sources */,
				694F68492083B30200A3B888 /* AppData.swift in Sources */,
				697456BE2084025100D42FC0 /* Geometry.swift in Sources */,
				697456D120842BD400D42FC0 /* MapViewController.swift in Sources */,
			);
			runOnlyForDeploymentPostprocessing = 0;
		};
/* End PBXSourcesBuildPhase section */

/* Begin PBXVariantGroup section */
		694F68382083B21700A3B888 /* Main.storyboard */ = {
			isa = PBXVariantGroup;
			children = (
				694F68392083B21700A3B888 /* Base */,
			);
			name = Main.storyboard;
			sourceTree = "<group>";
		};
		694F683D2083B21700A3B888 /* LaunchScreen.storyboard */ = {
			isa = PBXVariantGroup;
			children = (
				694F683E2083B21700A3B888 /* Base */,
			);
			name = LaunchScreen.storyboard;
			sourceTree = "<group>";
		};
/* End PBXVariantGroup section */

/* Begin XCBuildConfiguration section */
		694F68412083B21700A3B888 /* Debug */ = {
			isa = XCBuildConfiguration;
			buildSettings = {
				ALWAYS_SEARCH_USER_PATHS = NO;
				CLANG_ANALYZER_NONNULL = YES;
				CLANG_ANALYZER_NUMBER_OBJECT_CONVERSION = YES_AGGRESSIVE;
				CLANG_CXX_LANGUAGE_STANDARD = "gnu++14";
				CLANG_CXX_LIBRARY = "libc++";
				CLANG_ENABLE_MODULES = YES;
				CLANG_ENABLE_OBJC_ARC = YES;
				CLANG_WARN_BLOCK_CAPTURE_AUTORELEASING = YES;
				CLANG_WARN_BOOL_CONVERSION = YES;
				CLANG_WARN_COMMA = YES;
				CLANG_WARN_CONSTANT_CONVERSION = YES;
				CLANG_WARN_DIRECT_OBJC_ISA_USAGE = YES_ERROR;
				CLANG_WARN_DOCUMENTATION_COMMENTS = YES;
				CLANG_WARN_EMPTY_BODY = YES;
				CLANG_WARN_ENUM_CONVERSION = YES;
				CLANG_WARN_INFINITE_RECURSION = YES;
				CLANG_WARN_INT_CONVERSION = YES;
				CLANG_WARN_NON_LITERAL_NULL_CONVERSION = YES;
				CLANG_WARN_OBJC_LITERAL_CONVERSION = YES;
				CLANG_WARN_OBJC_ROOT_CLASS = YES_ERROR;
				CLANG_WARN_RANGE_LOOP_ANALYSIS = YES;
				CLANG_WARN_STRICT_PROTOTYPES = YES;
				CLANG_WARN_SUSPICIOUS_MOVE = YES;
				CLANG_WARN_UNGUARDED_AVAILABILITY = YES_AGGRESSIVE;
				CLANG_WARN_UNREACHABLE_CODE = YES;
				CLANG_WARN__DUPLICATE_METHOD_MATCH = YES;
				CODE_SIGN_IDENTITY = "iPhone Developer";
				COPY_PHASE_STRIP = NO;
				DEBUG_INFORMATION_FORMAT = dwarf;
				ENABLE_STRICT_OBJC_MSGSEND = YES;
				ENABLE_TESTABILITY = YES;
				GCC_C_LANGUAGE_STANDARD = gnu11;
				GCC_DYNAMIC_NO_PIC = NO;
				GCC_NO_COMMON_BLOCKS = YES;
				GCC_OPTIMIZATION_LEVEL = 0;
				GCC_PREPROCESSOR_DEFINITIONS = (
					"DEBUG=1",
					"$(inherited)",
				);
				GCC_WARN_64_TO_32_BIT_CONVERSION = YES;
				GCC_WARN_ABOUT_RETURN_TYPE = YES_ERROR;
				GCC_WARN_UNDECLARED_SELECTOR = YES;
				GCC_WARN_UNINITIALIZED_AUTOS = YES_AGGRESSIVE;
				GCC_WARN_UNUSED_FUNCTION = YES;
				GCC_WARN_UNUSED_VARIABLE = YES;
				IPHONEOS_DEPLOYMENT_TARGET = 11.2;
				MTL_ENABLE_DEBUG_INFO = YES;
				ONLY_ACTIVE_ARCH = YES;
				SDKROOT = iphoneos;
				SWIFT_ACTIVE_COMPILATION_CONDITIONS = DEBUG;
				SWIFT_OPTIMIZATION_LEVEL = "-Onone";
			};
			name = Debug;
		};
		694F68422083B21700A3B888 /* Release */ = {
			isa = XCBuildConfiguration;
			buildSettings = {
				ALWAYS_SEARCH_USER_PATHS = NO;
				CLANG_ANALYZER_NONNULL = YES;
				CLANG_ANALYZER_NUMBER_OBJECT_CONVERSION = YES_AGGRESSIVE;
				CLANG_CXX_LANGUAGE_STANDARD = "gnu++14";
				CLANG_CXX_LIBRARY = "libc++";
				CLANG_ENABLE_MODULES = YES;
				CLANG_ENABLE_OBJC_ARC = YES;
				CLANG_WARN_BLOCK_CAPTURE_AUTORELEASING = YES;
				CLANG_WARN_BOOL_CONVERSION = YES;
				CLANG_WARN_COMMA = YES;
				CLANG_WARN_CONSTANT_CONVERSION = YES;
				CLANG_WARN_DIRECT_OBJC_ISA_USAGE = YES_ERROR;
				CLANG_WARN_DOCUMENTATION_COMMENTS = YES;
				CLANG_WARN_EMPTY_BODY = YES;
				CLANG_WARN_ENUM_CONVERSION = YES;
				CLANG_WARN_INFINITE_RECURSION = YES;
				CLANG_WARN_INT_CONVERSION = YES;
				CLANG_WARN_NON_LITERAL_NULL_CONVERSION = YES;
				CLANG_WARN_OBJC_LITERAL_CONVERSION = YES;
				CLANG_WARN_OBJC_ROOT_CLASS = YES_ERROR;
				CLANG_WARN_RANGE_LOOP_ANALYSIS = YES;
				CLANG_WARN_STRICT_PROTOTYPES = YES;
				CLANG_WARN_SUSPICIOUS_MOVE = YES;
				CLANG_WARN_UNGUARDED_AVAILABILITY = YES_AGGRESSIVE;
				CLANG_WARN_UNREACHABLE_CODE = YES;
				CLANG_WARN__DUPLICATE_METHOD_MATCH = YES;
				CODE_SIGN_IDENTITY = "iPhone Developer";
				COPY_PHASE_STRIP = NO;
				DEBUG_INFORMATION_FORMAT = "dwarf-with-dsym";
				ENABLE_NS_ASSERTIONS = NO;
				ENABLE_STRICT_OBJC_MSGSEND = YES;
				GCC_C_LANGUAGE_STANDARD = gnu11;
				GCC_NO_COMMON_BLOCKS = YES;
				GCC_WARN_64_TO_32_BIT_CONVERSION = YES;
				GCC_WARN_ABOUT_RETURN_TYPE = YES_ERROR;
				GCC_WARN_UNDECLARED_SELECTOR = YES;
				GCC_WARN_UNINITIALIZED_AUTOS = YES_AGGRESSIVE;
				GCC_WARN_UNUSED_FUNCTION = YES;
				GCC_WARN_UNUSED_VARIABLE = YES;
				IPHONEOS_DEPLOYMENT_TARGET = 11.2;
				MTL_ENABLE_DEBUG_INFO = NO;
				SDKROOT = iphoneos;
				SWIFT_OPTIMIZATION_LEVEL = "-Owholemodule";
				VALIDATE_PRODUCT = YES;
			};
			name = Release;
		};
		694F68442083B21700A3B888 /* Debug */ = {
			isa = XCBuildConfiguration;
			baseConfigurationReference = BAE8E18463D465584CA439CC /* Pods-PlaceSearch.debug.xcconfig */;
			buildSettings = {
				ASSETCATALOG_COMPILER_APPICON_NAME = AppIcon;
				CODE_SIGN_STYLE = Automatic;
				DEVELOPMENT_TEAM = CXR9TJZ6PM;
				INFOPLIST_FILE = PlaceSearch/Info.plist;
				LD_RUNPATH_SEARCH_PATHS = "$(inherited) @executable_path/Frameworks";
				PRODUCT_BUNDLE_IDENTIFIER = com.spourteymour.PlaceSearch;
				PRODUCT_NAME = "$(TARGET_NAME)";
				SWIFT_VERSION = 4.0;
				TARGETED_DEVICE_FAMILY = "1,2";
			};
			name = Debug;
		};
		694F68452083B21700A3B888 /* Release */ = {
			isa = XCBuildConfiguration;
			baseConfigurationReference = 6E06269ED11258EF4E89FA69 /* Pods-PlaceSearch.release.xcconfig */;
			buildSettings = {
				ASSETCATALOG_COMPILER_APPICON_NAME = AppIcon;
				CODE_SIGN_STYLE = Automatic;
				DEVELOPMENT_TEAM = CXR9TJZ6PM;
				INFOPLIST_FILE = PlaceSearch/Info.plist;
				LD_RUNPATH_SEARCH_PATHS = "$(inherited) @executable_path/Frameworks";
				PRODUCT_BUNDLE_IDENTIFIER = com.spourteymour.PlaceSearch;
				PRODUCT_NAME = "$(TARGET_NAME)";
				SWIFT_VERSION = 4.0;
				TARGETED_DEVICE_FAMILY = "1,2";
			};
			name = Release;
		};
/* End XCBuildConfiguration section */

/* Begin XCConfigurationList section */
		694F682C2083B21700A3B888 /* Build configuration list for PBXProject "PlaceSearch" */ = {
			isa = XCConfigurationList;
			buildConfigurations = (
				694F68412083B21700A3B888 /* Debug */,
				694F68422083B21700A3B888 /* Release */,
			);
			defaultConfigurationIsVisible = 0;
			defaultConfigurationName = Release;
		};
		694F68432083B21700A3B888 /* Build configuration list for PBXNativeTarget "PlaceSearch" */ = {
			isa = XCConfigurationList;
			buildConfigurations = (
				694F68442083B21700A3B888 /* Debug */,
				694F68452083B21700A3B888 /* Release */,
			);
			defaultConfigurationIsVisible = 0;
			defaultConfigurationName = Release;
		};
/* End XCConfigurationList section */
	};
	rootObject = 694F68292083B21700A3B888 /* Project object */;
}
