PODS:
  - BrightFutures (6.0.1):
    - Result (~> 3.2.4)
  - GoogleMaps (2.6.0):
    - GoogleMaps/Maps (= 2.6.0)
  - GoogleMaps/Base (2.6.0)
  - GoogleMaps/Maps (2.6.0):
    - GoogleMaps/Base
  - Kingfisher (4.7.0)
  - Result (3.2.4)

DEPENDENCIES:
  - BrightFutures
  - GoogleMaps
  - Kingfisher

SPEC CHECKSUMS:
  BrightFutures: 9c03dab79e73ffe504b7bafc15c5bfdaeee54890
  GoogleMaps: 42f91c68b7fa2f84d5c86597b18ceb99f5414c7f
  Kingfisher: da6b005aa96d37698e3e4f1ccfe96a5b9bbf27d6
  Result: d2d07204ce72856f1fd9130bbe42c35a7b0fea10

PODFILE CHECKSUM: f53533cab89b81d35c593e65ea331f33c567070e

COCOAPODS: 1.4.0
